
Microsoft Visual Studio Solution File, Format Version 12.00
# Visual Studio Version 16
VisualStudioVersion = 16.0.31321.278
MinimumVisualStudioVersion = 10.0.40219.1
Project("{8BC9CEB8-8B4A-11D0-8D11-00A0C91BC942}") = "png2hex", "png2hex\png2hex.vcxproj", "{7FDBF4BE-5039-44D3-8749-C9F937AEDB0B}"
EndProject
Global
	GlobalSection(SolutionConfigurationPlatforms) = preSolution
		Debug|x64 = Debug|x64
		Debug|x86 = Debug|x86
		Release|x64 = Release|x64
		Release|x86 = Release|x86
	EndGlobalSection
	GlobalSection(ProjectConfigurationPlatforms) = postSolution
		{7FDBF4BE-5039-44D3-8749-C9F937AEDB0B}.Debug|x64.ActiveCfg = Debug|x64
		{7FDBF4BE-5039-44D3-8749-C9F937AEDB0B}.Debug|x64.Build.0 = Debug|x64
		{7FDBF4BE-5039-44D3-8749-C9F937AEDB0B}.Debug|x86.ActiveCfg = Debug|Win32
		{7FDBF4BE-5039-44D3-8749-C9F937AEDB0B}.Debug|x86.Build.0 = Debug|Win32
		{7FDBF4BE-5039-44D3-8749-C9F937AEDB0B}.Release|x64.ActiveCfg = Release|x64
		{7FDBF4BE-5039-44D3-8749-C9F937AEDB0B}.Release|x64.Build.0 = Release|x64
		{7FDBF4BE-5039-44D3-8749-C9F937AEDB0B}.Release|x86.ActiveCfg = Release|Win32
		{7FDBF4BE-5039-44D3-8749-C9F937AEDB0B}.Release|x86.Build.0 = Release|Win32
	EndGlobalSection
	GlobalSection(SolutionProperties) = preSolution
		HideSolutionNode = FALSE
	EndGlobalSection
	GlobalSection(ExtensibilityGlobals) = postSolution
		SolutionGuid = {686DE27E-9738-4C33-880C-EF70754B1D75}
	EndGlobalSection
EndGlobal
