<?xml version="1.0" encoding="utf-8"?>
<Project ToolsVersion="4.0" xmlns="http://schemas.microsoft.com/developer/msbuild/2003">
  <ItemGroup>
    <Filter Include="Исходные файлы">
      <UniqueIdentifier>{4FC737F1-C7A5-4376-A066-2A32D752A2FF}</UniqueIdentifier>
      <Extensions>cpp;c;cc;cxx;def;odl;idl;hpj;bat;asm;asmx</Extensions>
    </Filter>
    <Filter Include="Файлы заголовков">
      <UniqueIdentifier>{93995380-89BD-4b04-88EB-625FBE52EBFB}</UniqueIdentifier>
      <Extensions>h;hh;hpp;hxx;hm;inl;inc;ipp;xsd</Extensions>
    </Filter>
    <Filter Include="Файлы ресурсов">
      <UniqueIdentifier>{67DA6AB6-F800-4c08-8B7A-83BB121AAD01}</UniqueIdentifier>
      <Extensions>rc;ico;cur;bmp;dlg;rc2;rct;bin;rgs;gif;jpg;jpeg;jpe;resx;tiff;tif;png;wav;mfcribbon-ms</Extensions>
    </Filter>
    <Filter Include="interfaces">
      <UniqueIdentifier>{d4f2100d-bffb-4009-ba03-4b9845e09e4b}</UniqueIdentifier>
    </Filter>
    <Filter Include="primitives">
      <UniqueIdentifier>{b0c26c73-f0ba-40b2-866e-8b77775d397d}</UniqueIdentifier>
    </Filter>
    <Filter Include="primitives\helpers">
      <UniqueIdentifier>{d7644902-b66a-4124-b7c9-95fe0db9dd51}</UniqueIdentifier>
    </Filter>
  </ItemGroup>
  <ItemGroup>
    <ClCompile Include="main.cpp">
      <Filter>Исходные файлы</Filter>
    </ClCompile>
  </ItemGroup>
  <ItemGroup>
    <ClInclude Include="dpg_sfinae.h">
      <Filter>primitives\helpers</Filter>
    </ClInclude>
    <ClInclude Include="dpg_container.h">
      <Filter>primitives\helpers</Filter>
    </ClInclude>
    <ClInclude Include="dpg_types.h">
      <Filter>primitives\helpers</Filter>
    </ClInclude>
    <ClInclude Include="DDeque.h">
      <Filter>primitives</Filter>
    </ClInclude>
    <ClInclude Include="DList.h">
      <Filter>primitives</Filter>
    </ClInclude>
    <ClInclude Include="DString.h">
      <Filter>primitives</Filter>
    </ClInclude>
    <ClInclude Include="DTypes.h">
      <Filter>primitives</Filter>
    </ClInclude>
    <ClInclude Include="DVector.h">
      <Filter>primitives</Filter>
    </ClInclude>
    <ClInclude Include="DStringList.h">
      <Filter>primitives</Filter>
    </ClInclude>
    <ClInclude Include="dpg_container2.h">
      <Filter>primitives\helpers</Filter>
    </ClInclude>
  </ItemGroup>
</Project>